// !$*UTF8*$!
{
	archiveVersion = 1;
	classes = {
	};
	objectVersion = 77;
	objects = {

/* Begin PBXBuildFile section */
		DC8F848B2D97999800184C6F /* FirebaseAnalytics in Frameworks */ = {isa = PBXBuildFile; productRef = DC8F848A2D97999800184C6F /* FirebaseAnalytics */; };
		DC8F848D2D97999800184C6F /* FirebaseAuth in Frameworks */ = {isa = PBXBuildFile; productRef = DC8F848C2D97999800184C6F /* FirebaseAuth */; };
		DC8F848F2D97999800184C6F /* FirebaseAuthCombine-Community in Frameworks */ = {isa = PBXBuildFile; productRef = DC8F848E2D97999800184C6F /* FirebaseAuthCombine-Community */; };
		DC8F84912D97999800184C6F /* FirebaseCore in Frameworks */ = {isa = PBXBuildFile; productRef = DC8F84902D97999800184C6F /* FirebaseCore */; };
		DC8F84932D97999800184C6F /* FirebaseDatabase in Frameworks */ = {isa = PBXBuildFile; productRef = DC8F84922D97999800184C6F /* FirebaseDatabase */; };
		DC8F84952D97999800184C6F /* FirebaseFirestore in Frameworks */ = {isa = PBXBuildFile; productRef = DC8F84942D97999800184C6F /* FirebaseFirestore */; };
		DC8F84972D97999800184C6F /* FirebaseFirestoreCombine-Community in Frameworks */ = {isa = PBXBuildFile; productRef = DC8F84962D97999800184C6F /* FirebaseFirestoreCombine-Community */; };
		DC8F84992D97999800184C6F /* FirebaseFunctions in Frameworks */ = {isa = PBXBuildFile; productRef = DC8F84982D97999800184C6F /* FirebaseFunctions */; };
		DC8F849B2D97999800184C6F /* FirebaseInAppMessaging-Beta in Frameworks */ = {isa = PBXBuildFile; productRef = DC8F849A2D97999800184C6F /* FirebaseInAppMessaging-Beta */; };
		DC8F849D2D97999800184C6F /* FirebaseMessaging in Frameworks */ = {isa = PBXBuildFile; productRef = DC8F849C2D97999800184C6F /* FirebaseMessaging */; };
		DC8F849F2D97999800184C6F /* FirebaseStorage in Frameworks */ = {isa = PBXBuildFile; productRef = DC8F849E2D97999800184C6F /* FirebaseStorage */; };
		DC8F84A12D97999800184C6F /* FirebaseStorageCombine-Community in Frameworks */ = {isa = PBXBuildFile; productRef = DC8F84A02D97999800184C6F /* FirebaseStorageCombine-Community */; };
		DC9245542D99799000061C6C /* pokemon_with_prices.csv in Resources */ = {isa = PBXBuildFile; fileRef = DC9245532D99799000061C6C /* pokemon_with_prices.csv */; };
/* End PBXBuildFile section */

/* Begin PBXFileReference section */
		17EFEC122D9792CD00D00C83 /* PokeVault.app */ = {isa = PBXFileReference; explicitFileType = wrapper.application; includeInIndex = 0; path = PokeVault.app; sourceTree = BUILT_PRODUCTS_DIR; };
		DC9245532D99799000061C6C /* pokemon_with_prices.csv */ = {isa = PBXFileReference; lastKnownFileType = text; path = pokemon_with_prices.csv; sourceTree = "<group>"; };
/* End PBXFileReference section */

/* Begin PBXFileSystemSynchronizedRootGroup section */
		17EFEC142D9792CD00D00C83 /* PokeVault */ = {
			isa = PBXFileSystemSynchronizedRootGroup;
			path = PokeVault;
			sourceTree = "<group>";
		};
/* End PBXFileSystemSynchronizedRootGroup section */

/* Begin PBXFrameworksBuildPhase section */
		17EFEC0F2D9792CD00D00C83 /* Frameworks */ = {
			isa = PBXFrameworksBuildPhase;
			buildActionMask = 2147483647;
			files = (
				DC8F84932D97999800184C6F /* FirebaseDatabase in Frameworks */,
				DC8F848B2D97999800184C6F /* FirebaseAnalytics in Frameworks */,
				DC8F849D2D97999800184C6F /* FirebaseMessaging in Frameworks */,
				DC8F849B2D97999800184C6F /* FirebaseInAppMessaging-Beta in Frameworks */,
				DC8F848F2D97999800184C6F /* FirebaseAuthCombine-Community in Frameworks */,
				DC8F84992D97999800184C6F /* FirebaseFunctions in Frameworks */,
				DC8F84912D97999800184C6F /* FirebaseCore in Frameworks */,
				DC8F848D2D97999800184C6F /* FirebaseAuth in Frameworks */,
				DC8F849F2D97999800184C6F /* FirebaseStorage in Frameworks */,
				DC8F84952D97999800184C6F /* FirebaseFirestore in Frameworks */,
				DC8F84A12D97999800184C6F /* FirebaseStorageCombine-Community in Frameworks */,
				DC8F84972D97999800184C6F /* FirebaseFirestoreCombine-Community in Frameworks */,
			);
			runOnlyForDeploymentPostprocessing = 0;
		};
/* End PBXFrameworksBuildPhase section */

/* Begin PBXGroup section */
		17EFEC092D9792CD00D00C83 = {
			isa = PBXGroup;
			children = (
				DC9245532D99799000061C6C /* pokemon_with_prices.csv */,
				17EFEC142D9792CD00D00C83 /* PokeVault */,
				17EFEC132D9792CD00D00C83 /* Products */,
			);
			sourceTree = "<group>";
		};
		17EFEC132D9792CD00D00C83 /* Products */ = {
			isa = PBXGroup;
			children = (
				17EFEC122D9792CD00D00C83 /* PokeVault.app */,
			);
			name = Products;
			sourceTree = "<group>";
		};
/* End PBXGroup section */

/* Begin PBXNativeTarget section */
		17EFEC112D9792CD00D00C83 /* PokeVault */ = {
			isa = PBXNativeTarget;
			buildConfigurationList = 17EFEC202D9792CE00D00C83 /* Build configuration list for PBXNativeTarget "PokeVault" */;
			buildPhases = (
				17EFEC0E2D9792CD00D00C83 /* Sources */,
				17EFEC0F2D9792CD00D00C83 /* Frameworks */,
				17EFEC102D9792CD00D00C83 /* Resources */,
			);
			buildRules = (
			);
			dependencies = (
			);
			fileSystemSynchronizedGroups = (
				17EFEC142D9792CD00D00C83 /* PokeVault */,
			);
			name = PokeVault;
			packageProductDependencies = (
				DC8F848A2D97999800184C6F /* FirebaseAnalytics */,
				DC8F848C2D97999800184C6F /* FirebaseAuth */,
				DC8F848E2D97999800184C6F /* FirebaseAuthCombine-Community */,
				DC8F84902D97999800184C6F /* FirebaseCore */,
				DC8F84922D97999800184C6F /* FirebaseDatabase */,
				DC8F84942D97999800184C6F /* FirebaseFirestore */,
				DC8F84962D97999800184C6F /* FirebaseFirestoreCombine-Community */,
				DC8F84982D97999800184C6F /* FirebaseFunctions */,
				DC8F849A2D97999800184C6F /* FirebaseInAppMessaging-Beta */,
				DC8F849C2D97999800184C6F /* FirebaseMessaging */,
				DC8F849E2D97999800184C6F /* FirebaseStorage */,
				DC8F84A02D97999800184C6F /* FirebaseStorageCombine-Community */,
			);
			productName = PokeVault;
			productReference = 17EFEC122D9792CD00D00C83 /* PokeVault.app */;
			productType = "com.apple.product-type.application";
		};
/* End PBXNativeTarget section */

/* Begin PBXProject section */
		17EFEC0A2D9792CD00D00C83 /* Project object */ = {
			isa = PBXProject;
			attributes = {
				BuildIndependentTargetsInParallel = 1;
				KnownAssetTags = (
					APIKeys,
				);
				LastSwiftUpdateCheck = 1620;
				LastUpgradeCheck = 1620;
				TargetAttributes = {
					17EFEC112D9792CD00D00C83 = {
						CreatedOnToolsVersion = 16.2;
					};
				};
			};
			buildConfigurationList = 17EFEC0D2D9792CD00D00C83 /* Build configuration list for PBXProject "PokeVault" */;
			developmentRegion = en;
			hasScannedForEncodings = 0;
			knownRegions = (
				en,
				Base,
			);
			mainGroup = 17EFEC092D9792CD00D00C83;
			minimizedProjectReferenceProxies = 1;
			packageReferences = (
				DC8F84892D97999800184C6F /* XCRemoteSwiftPackageReference "firebase-ios-sdk" */,
			);
			preferredProjectObjectVersion = 77;
			productRefGroup = 17EFEC132D9792CD00D00C83 /* Products */;
			projectDirPath = "";
			projectRoot = "";
			targets = (
				17EFEC112D9792CD00D00C83 /* PokeVault */,
			);
		};
/* End PBXProject section */

/* Begin PBXResourcesBuildPhase section */
		17EFEC102D9792CD00D00C83 /* Resources */ = {
			isa = PBXResourcesBuildPhase;
			buildActionMask = 2147483647;
			files = (
				DC9245542D99799000061C6C /* pokemon_with_prices.csv in Resources */,
			);
			runOnlyForDeploymentPostprocessing = 0;
		};
/* End PBXResourcesBuildPhase section */

/* Begin PBXSourcesBuildPhase section */
		17EFEC0E2D9792CD00D00C83 /* Sources */ = {
			isa = PBXSourcesBuildPhase;
			buildActionMask = 2147483647;
			files = (
			);
			runOnlyForDeploymentPostprocessing = 0;
		};
/* End PBXSourcesBuildPhase section */

/* Begin XCBuildConfiguration section */
		17EFEC1E2D9792CE00D00C83 /* Debug */ = {
			isa = XCBuildConfiguration;
			buildSettings = {
				ALWAYS_SEARCH_USER_PATHS = NO;
				ASSETCATALOG_COMPILER_GENERATE_SWIFT_ASSET_SYMBOL_EXTENSIONS = YES;
				CLANG_ANALYZER_NONNULL = YES;
				CLANG_ANALYZER_NUMBER_OBJECT_CONVERSION = YES_AGGRESSIVE;
				CLANG_CXX_LANGUAGE_STANDARD = "gnu++20";
				CLANG_ENABLE_MODULES = YES;
				CLANG_ENABLE_OBJC_ARC = YES;
				CLANG_ENABLE_OBJC_WEAK = YES;
				CLANG_WARN_BLOCK_CAPTURE_AUTORELEASING = YES;
				CLANG_WARN_BOOL_CONVERSION = YES;
				CLANG_WARN_COMMA = YES;
				CLANG_WARN_CONSTANT_CONVERSION = YES;
				CLANG_WARN_DEPRECATED_OBJC_IMPLEMENTATIONS = YES;
				CLANG_WARN_DIRECT_OBJC_ISA_USAGE = YES_ERROR;
				CLANG_WARN_DOCUMENTATION_COMMENTS = YES;
				CLANG_WARN_EMPTY_BODY = YES;
				CLANG_WARN_ENUM_CONVERSION = YES;
				CLANG_WARN_INFINITE_RECURSION = YES;
				CLANG_WARN_INT_CONVERSION = YES;
				CLANG_WARN_NON_LITERAL_NULL_CONVERSION = YES;
				CLANG_WARN_OBJC_IMPLICIT_RETAIN_SELF = YES;
				CLANG_WARN_OBJC_LITERAL_CONVERSION = YES;
				CLANG_WARN_OBJC_ROOT_CLASS = YES_ERROR;
				CLANG_WARN_QUOTED_INCLUDE_IN_FRAMEWORK_HEADER = YES;
				CLANG_WARN_RANGE_LOOP_ANALYSIS = YES;
				CLANG_WARN_STRICT_PROTOTYPES = YES;
				CLANG_WARN_SUSPICIOUS_MOVE = YES;
				CLANG_WARN_UNGUARDED_AVAILABILITY = YES_AGGRESSIVE;
				CLANG_WARN_UNREACHABLE_CODE = YES;
				CLANG_WARN__DUPLICATE_METHOD_MATCH = YES;
				COPY_PHASE_STRIP = NO;
				DEBUG_INFORMATION_FORMAT = dwarf;
				ENABLE_STRICT_OBJC_MSGSEND = YES;
				ENABLE_TESTABILITY = YES;
				ENABLE_USER_SCRIPT_SANDBOXING = YES;
				GCC_C_LANGUAGE_STANDARD = gnu17;
				GCC_DYNAMIC_NO_PIC = NO;
				GCC_NO_COMMON_BLOCKS = YES;
				GCC_OPTIMIZATION_LEVEL = 0;
				GCC_PREPROCESSOR_DEFINITIONS = (
					"DEBUG=1",
					"$(inherited)",
				);
				GCC_WARN_64_TO_32_BIT_CONVERSION = YES;
				GCC_WARN_ABOUT_RETURN_TYPE = YES_ERROR;
				GCC_WARN_UNDECLARED_SELECTOR = YES;
				GCC_WARN_UNINITIALIZED_AUTOS = YES_AGGRESSIVE;
				GCC_WARN_UNUSED_FUNCTION = YES;
				GCC_WARN_UNUSED_VARIABLE = YES;
				IPHONEOS_DEPLOYMENT_TARGET = 18.2;
				LOCALIZATION_PREFERS_STRING_CATALOGS = YES;
				MTL_ENABLE_DEBUG_INFO = INCLUDE_SOURCE;
				MTL_FAST_MATH = YES;
				ONLY_ACTIVE_ARCH = YES;
				SDKROOT = iphoneos;
				SWIFT_ACTIVE_COMPILATION_CONDITIONS = "DEBUG $(inherited)";
				SWIFT_OPTIMIZATION_LEVEL = "-Onone";
			};
			name = Debug;
		};
		17EFEC1F2D9792CE00D00C83 /* Release */ = {
			isa = XCBuildConfiguration;
			buildSettings = {
				ALWAYS_SEARCH_USER_PATHS = NO;
				ASSETCATALOG_COMPILER_GENERATE_SWIFT_ASSET_SYMBOL_EXTENSIONS = YES;
				CLANG_ANALYZER_NONNULL = YES;
				CLANG_ANALYZER_NUMBER_OBJECT_CONVERSION = YES_AGGRESSIVE;
				CLANG_CXX_LANGUAGE_STANDARD = "gnu++20";
				CLANG_ENABLE_MODULES = YES;
				CLANG_ENABLE_OBJC_ARC = YES;
				CLANG_ENABLE_OBJC_WEAK = YES;
				CLANG_WARN_BLOCK_CAPTURE_AUTORELEASING = YES;
				CLANG_WARN_BOOL_CONVERSION = YES;
				CLANG_WARN_COMMA = YES;
				CLANG_WARN_CONSTANT_CONVERSION = YES;
				CLANG_WARN_DEPRECATED_OBJC_IMPLEMENTATIONS = YES;
				CLANG_WARN_DIRECT_OBJC_ISA_USAGE = YES_ERROR;
				CLANG_WARN_DOCUMENTATION_COMMENTS = YES;
				CLANG_WARN_EMPTY_BODY = YES;
				CLANG_WARN_ENUM_CONVERSION = YES;
				CLANG_WARN_INFINITE_RECURSION = YES;
				CLANG_WARN_INT_CONVERSION = YES;
				CLANG_WARN_NON_LITERAL_NULL_CONVERSION = YES;
				CLANG_WARN_OBJC_IMPLICIT_RETAIN_SELF = YES;
				CLANG_WARN_OBJC_LITERAL_CONVERSION = YES;
				CLANG_WARN_OBJC_ROOT_CLASS = YES_ERROR;
				CLANG_WARN_QUOTED_INCLUDE_IN_FRAMEWORK_HEADER = YES;
				CLANG_WARN_RANGE_LOOP_ANALYSIS = YES;
				CLANG_WARN_STRICT_PROTOTYPES = YES;
				CLANG_WARN_SUSPICIOUS_MOVE = YES;
				CLANG_WARN_UNGUARDED_AVAILABILITY = YES_AGGRESSIVE;
				CLANG_WARN_UNREACHABLE_CODE = YES;
				CLANG_WARN__DUPLICATE_METHOD_MATCH = YES;
				COPY_PHASE_STRIP = NO;
				DEBUG_INFORMATION_FORMAT = "dwarf-with-dsym";
				ENABLE_NS_ASSERTIONS = NO;
				ENABLE_STRICT_OBJC_MSGSEND = YES;
				ENABLE_USER_SCRIPT_SANDBOXING = YES;
				GCC_C_LANGUAGE_STANDARD = gnu17;
				GCC_NO_COMMON_BLOCKS = YES;
				GCC_WARN_64_TO_32_BIT_CONVERSION = YES;
				GCC_WARN_ABOUT_RETURN_TYPE = YES_ERROR;
				GCC_WARN_UNDECLARED_SELECTOR = YES;
				GCC_WARN_UNINITIALIZED_AUTOS = YES_AGGRESSIVE;
				GCC_WARN_UNUSED_FUNCTION = YES;
				GCC_WARN_UNUSED_VARIABLE = YES;
				IPHONEOS_DEPLOYMENT_TARGET = 18.2;
				LOCALIZATION_PREFERS_STRING_CATALOGS = YES;
				MTL_ENABLE_DEBUG_INFO = NO;
				MTL_FAST_MATH = YES;
				SDKROOT = iphoneos;
				SWIFT_COMPILATION_MODE = wholemodule;
				VALIDATE_PRODUCT = YES;
			};
			name = Release;
		};
		17EFEC212D9792CE00D00C83 /* Debug */ = {
			isa = XCBuildConfiguration;
			buildSettings = {
				ASSETCATALOG_COMPILER_APPICON_NAME = AppIcon;
				ASSETCATALOG_COMPILER_GLOBAL_ACCENT_COLOR_NAME = AccentColor;
				CODE_SIGN_STYLE = Automatic;
				CURRENT_PROJECT_VERSION = 1;
				DEVELOPMENT_ASSET_PATHS = "\"PokeVault/Preview Content\"";
				DEVELOPMENT_TEAM = NW93ULW7FN;
				ENABLE_PREVIEWS = YES;
				GENERATE_INFOPLIST_FILE = YES;
				INFOPLIST_KEY_UIApplicationSceneManifest_Generation = YES;
				INFOPLIST_KEY_UIApplicationSupportsIndirectInputEvents = YES;
				INFOPLIST_KEY_UILaunchScreen_Generation = YES;
				INFOPLIST_KEY_UISupportedInterfaceOrientations_iPad = "UIInterfaceOrientationPortrait UIInterfaceOrientationPortraitUpsideDown UIInterfaceOrientationLandscapeLeft UIInterfaceOrientationLandscapeRight";
				INFOPLIST_KEY_UISupportedInterfaceOrientations_iPhone = "UIInterfaceOrientationPortrait UIInterfaceOrientationLandscapeLeft UIInterfaceOrientationLandscapeRight";
				LD_RUNPATH_SEARCH_PATHS = (
					"$(inherited)",
					"@executable_path/Frameworks",
				);
				MARKETING_VERSION = 1.0;
				ON_DEMAND_RESOURCES_INITIAL_INSTALL_TAGS = APIKeys;
				PRODUCT_BUNDLE_IDENTIFIER = omario.PokeVault;
				PRODUCT_NAME = "$(TARGET_NAME)";
				SWIFT_EMIT_LOC_STRINGS = YES;
				SWIFT_VERSION = 5.0;
				TARGETED_DEVICE_FAMILY = "1,2";
			};
			name = Debug;
		};
		17EFEC222D9792CE00D00C83 /* Release */ = {
			isa = XCBuildConfiguration;
			buildSettings = {
				ASSETCATALOG_COMPILER_APPICON_NAME = AppIcon;
				ASSETCATALOG_COMPILER_GLOBAL_ACCENT_COLOR_NAME = AccentColor;
				CODE_SIGN_STYLE = Automatic;
				CURRENT_PROJECT_VERSION = 1;
				DEVELOPMENT_ASSET_PATHS = "\"PokeVault/Preview Content\"";
				DEVELOPMENT_TEAM = NW93ULW7FN;
				ENABLE_PREVIEWS = YES;
				GENERATE_INFOPLIST_FILE = YES;
				INFOPLIST_KEY_UIApplicationSceneManifest_Generation = YES;
				INFOPLIST_KEY_UIApplicationSupportsIndirectInputEvents = YES;
				INFOPLIST_KEY_UILaunchScreen_Generation = YES;
				INFOPLIST_KEY_UISupportedInterfaceOrientations_iPad = "UIInterfaceOrientationPortrait UIInterfaceOrientationPortraitUpsideDown UIInterfaceOrientationLandscapeLeft UIInterfaceOrientationLandscapeRight";
				INFOPLIST_KEY_UISupportedInterfaceOrientations_iPhone = "UIInterfaceOrientationPortrait UIInterfaceOrientationLandscapeLeft UIInterfaceOrientationLandscapeRight";
				LD_RUNPATH_SEARCH_PATHS = (
					"$(inherited)",
					"@executable_path/Frameworks",
				);
				MARKETING_VERSION = 1.0;
				ON_DEMAND_RESOURCES_INITIAL_INSTALL_TAGS = APIKeys;
				PRODUCT_BUNDLE_IDENTIFIER = omario.PokeVault;
				PRODUCT_NAME = "$(TARGET_NAME)";
				SWIFT_EMIT_LOC_STRINGS = YES;
				SWIFT_VERSION = 5.0;
				TARGETED_DEVICE_FAMILY = "1,2";
			};
			name = Release;
		};
/* End XCBuildConfiguration section */

/* Begin XCConfigurationList section */
		17EFEC0D2D9792CD00D00C83 /* Build configuration list for PBXProject "PokeVault" */ = {
			isa = XCConfigurationList;
			buildConfigurations = (
				17EFEC1E2D9792CE00D00C83 /* Debug */,
				17EFEC1F2D9792CE00D00C83 /* Release */,
			);
			defaultConfigurationIsVisible = 0;
			defaultConfigurationName = Release;
		};
		17EFEC202D9792CE00D00C83 /* Build configuration list for PBXNativeTarget "PokeVault" */ = {
			isa = XCConfigurationList;
			buildConfigurations = (
				17EFEC212D9792CE00D00C83 /* Debug */,
				17EFEC222D9792CE00D00C83 /* Release */,
			);
			defaultConfigurationIsVisible = 0;
			defaultConfigurationName = Release;
		};
/* End XCConfigurationList section */

/* Begin XCRemoteSwiftPackageReference section */
		DC8F84892D97999800184C6F /* XCRemoteSwiftPackageReference "firebase-ios-sdk" */ = {
			isa = XCRemoteSwiftPackageReference;
			repositoryURL = "https://github.com/firebase/firebase-ios-sdk";
			requirement = {
				kind = upToNextMajorVersion;
				minimumVersion = 11.10.0;
			};
		};
/* End XCRemoteSwiftPackageReference section */

/* Begin XCSwiftPackageProductDependency section */
		DC8F848A2D97999800184C6F /* FirebaseAnalytics */ = {
			isa = XCSwiftPackageProductDependency;
			package = DC8F84892D97999800184C6F /* XCRemoteSwiftPackageReference "firebase-ios-sdk" */;
			productName = FirebaseAnalytics;
		};
		DC8F848C2D97999800184C6F /* FirebaseAuth */ = {
			isa = XCSwiftPackageProductDependency;
			package = DC8F84892D97999800184C6F /* XCRemoteSwiftPackageReference "firebase-ios-sdk" */;
			productName = FirebaseAuth;
		};
		DC8F848E2D97999800184C6F /* FirebaseAuthCombine-Community */ = {
			isa = XCSwiftPackageProductDependency;
			package = DC8F84892D97999800184C6F /* XCRemoteSwiftPackageReference "firebase-ios-sdk" */;
			productName = "FirebaseAuthCombine-Community";
		};
		DC8F84902D97999800184C6F /* FirebaseCore */ = {
			isa = XCSwiftPackageProductDependency;
			package = DC8F84892D97999800184C6F /* XCRemoteSwiftPackageReference "firebase-ios-sdk" */;
			productName = FirebaseCore;
		};
		DC8F84922D97999800184C6F /* FirebaseDatabase */ = {
			isa = XCSwiftPackageProductDependency;
			package = DC8F84892D97999800184C6F /* XCRemoteSwiftPackageReference "firebase-ios-sdk" */;
			productName = FirebaseDatabase;
		};
		DC8F84942D97999800184C6F /* FirebaseFirestore */ = {
			isa = XCSwiftPackageProductDependency;
			package = DC8F84892D97999800184C6F /* XCRemoteSwiftPackageReference "firebase-ios-sdk" */;
			productName = FirebaseFirestore;
		};
		DC8F84962D97999800184C6F /* FirebaseFirestoreCombine-Community */ = {
			isa = XCSwiftPackageProductDependency;
			package = DC8F84892D97999800184C6F /* XCRemoteSwiftPackageReference "firebase-ios-sdk" */;
			productName = "FirebaseFirestoreCombine-Community";
		};
		DC8F84982D97999800184C6F /* FirebaseFunctions */ = {
			isa = XCSwiftPackageProductDependency;
			package = DC8F84892D97999800184C6F /* XCRemoteSwiftPackageReference "firebase-ios-sdk" */;
			productName = FirebaseFunctions;
		};
		DC8F849A2D97999800184C6F /* FirebaseInAppMessaging-Beta */ = {
			isa = XCSwiftPackageProductDependency;
			package = DC8F84892D97999800184C6F /* XCRemoteSwiftPackageReference "firebase-ios-sdk" */;
			productName = "FirebaseInAppMessaging-Beta";
		};
		DC8F849C2D97999800184C6F /* FirebaseMessaging */ = {
			isa = XCSwiftPackageProductDependency;
			package = DC8F84892D97999800184C6F /* XCRemoteSwiftPackageReference "firebase-ios-sdk" */;
			productName = FirebaseMessaging;
		};
		DC8F849E2D97999800184C6F /* FirebaseStorage */ = {
			isa = XCSwiftPackageProductDependency;
			package = DC8F84892D97999800184C6F /* XCRemoteSwiftPackageReference "firebase-ios-sdk" */;
			productName = FirebaseStorage;
		};
		DC8F84A02D97999800184C6F /* FirebaseStorageCombine-Community */ = {
			isa = XCSwiftPackageProductDependency;
			package = DC8F84892D97999800184C6F /* XCRemoteSwiftPackageReference "firebase-ios-sdk" */;
			productName = "FirebaseStorageCombine-Community";
		};
/* End XCSwiftPackageProductDependency section */
	};
	rootObject = 17EFEC0A2D9792CD00D00C83 /* Project object */;
}
